
Microsoft Visual Studio Solution File, Format Version 12.00
# Visual Studio Version 16
VisualStudioVersion = 16.0.31005.135
MinimumVisualStudioVersion = 10.0.40219.1
Project("{FAE04EC0-301F-11D3-BF4B-00C04F79EFBC}") = "MistralTask", "MistralTask\MistralTask.csproj", "{45F3AE47-25F9-4ADD-9EFE-4BB53F783741}"
EndProject
Global
	GlobalSection(SolutionConfigurationPlatforms) = preSolution
		Debug|Any CPU = Debug|Any CPU
		Release|Any CPU = Release|Any CPU
	EndGlobalSection
	GlobalSection(ProjectConfigurationPlatforms) = postSolution
		{45F3AE47-25F9-4ADD-9EFE-4BB53F783741}.Debug|Any CPU.ActiveCfg = Debug|Any CPU
		{45F3AE47-25F9-4ADD-9EFE-4BB53F783741}.Debug|Any CPU.Build.0 = Debug|Any CPU
		{45F3AE47-25F9-4ADD-9EFE-4BB53F783741}.Release|Any CPU.ActiveCfg = Release|Any CPU
		{45F3AE47-25F9-4ADD-9EFE-4BB53F783741}.Release|Any CPU.Build.0 = Release|Any CPU
	EndGlobalSection
	GlobalSection(SolutionProperties) = preSolution
		HideSolutionNode = FALSE
	EndGlobalSection
	GlobalSection(ExtensibilityGlobals) = postSolution
		SolutionGuid = {7E35526E-361A-4D3A-AA8C-9547937756D0}
	EndGlobalSection
EndGlobal
